
Microsoft Visual Studio Solution File, Format Version 12.00
# Visual Studio 2013
VisualStudioVersion = 12.0.31101.0
MinimumVisualStudioVersion = 10.0.40219.1
Project("{FAE04EC0-301F-11D3-BF4B-00C04F79EFBC}") = "WpfCursus", "WpfCursus\WpfCursus.csproj", "{C4F7FF4B-CBC4-420F-9A2D-2767935925A5}"
EndProject
Project("{FAE04EC0-301F-11D3-BF4B-00C04F79EFBC}") = "WpfOefeningVerkeerslicht", "WpfOefeningVerkeerslicht\WpfOefeningVerkeerslicht.csproj", "{E9939A01-8FB3-40BE-8D06-5C3B0493F039}"
EndProject
Global
	GlobalSection(SolutionConfigurationPlatforms) = preSolution
		Debug|Any CPU = Debug|Any CPU
		Release|Any CPU = Release|Any CPU
	EndGlobalSection
	GlobalSection(ProjectConfigurationPlatforms) = postSolution
		{C4F7FF4B-CBC4-420F-9A2D-2767935925A5}.Debug|Any CPU.ActiveCfg = Debug|Any CPU
		{C4F7FF4B-CBC4-420F-9A2D-2767935925A5}.Debug|Any CPU.Build.0 = Debug|Any CPU
		{C4F7FF4B-CBC4-420F-9A2D-2767935925A5}.Release|Any CPU.ActiveCfg = Release|Any CPU
		{C4F7FF4B-CBC4-420F-9A2D-2767935925A5}.Release|Any CPU.Build.0 = Release|Any CPU
		{E9939A01-8FB3-40BE-8D06-5C3B0493F039}.Debug|Any CPU.ActiveCfg = Debug|Any CPU
		{E9939A01-8FB3-40BE-8D06-5C3B0493F039}.Debug|Any CPU.Build.0 = Debug|Any CPU
		{E9939A01-8FB3-40BE-8D06-5C3B0493F039}.Release|Any CPU.ActiveCfg = Release|Any CPU
		{E9939A01-8FB3-40BE-8D06-5C3B0493F039}.Release|Any CPU.Build.0 = Release|Any CPU
	EndGlobalSection
	GlobalSection(SolutionProperties) = preSolution
		HideSolutionNode = FALSE
	EndGlobalSection
EndGlobal
