
Microsoft Visual Studio Solution File, Format Version 12.00
# Visual Studio 2013
VisualStudioVersion = 12.0.31101.0
MinimumVisualStudioVersion = 10.0.40219.1
Project("{FAE04EC0-301F-11D3-BF4B-00C04F79EFBC}") = "WpfCursus", "WpfCursus\WpfCursus.csproj", "{C4F7FF4B-CBC4-420F-9A2D-2767935925A5}"
EndProject
Project("{FAE04EC0-301F-11D3-BF4B-00C04F79EFBC}") = "WpfOefeningVerkeerslicht", "WpfOefeningVerkeerslicht\WpfOefeningVerkeerslicht.csproj", "{E9939A01-8FB3-40BE-8D06-5C3B0493F039}"
EndProject
Project("{FAE04EC0-301F-11D3-BF4B-00C04F79EFBC}") = "TekstVerwerken", "TekstVerwerken\TekstVerwerken.csproj", "{71E86DE8-ACF5-4C3B-BD98-7E39B6D86BFC}"
EndProject
Project("{FAE04EC0-301F-11D3-BF4B-00C04F79EFBC}") = "ButtonGebruikWindow", "ButtonGebruikWindow\ButtonGebruikWindow.csproj", "{3644C146-4F71-4949-9909-B870839B6FF9}"
EndProject
Project("{FAE04EC0-301F-11D3-BF4B-00C04F79EFBC}") = "OefeningBestelbonPizza", "OefeningBestelbonPizza\OefeningBestelbonPizza.csproj", "{6C327F1A-05DF-45EF-B9C1-20ECBD344688}"
EndProject
Project("{FAE04EC0-301F-11D3-BF4B-00C04F79EFBC}") = "HobbyLijst", "HobbyLijst\HobbyLijst.csproj", "{AC687D81-C9CE-4BE4-AEA9-D100287B12F4}"
EndProject
Project("{FAE04EC0-301F-11D3-BF4B-00C04F79EFBC}") = "Telefoon", "TelefoonWindow\Telefoon.csproj", "{BC70A3C4-6014-4F35-B3C8-EED7D4C486C1}"
EndProject
Project("{FAE04EC0-301F-11D3-BF4B-00C04F79EFBC}") = "Bars", "Bars\Bars.csproj", "{BA7B7C67-CB57-4836-837C-BC17A5727E65}"
EndProject
Project("{FAE04EC0-301F-11D3-BF4B-00C04F79EFBC}") = "ParkingBon", "ParkingBon\ParkingBon.csproj", "{F5483810-AC8B-43EE-BA1A-698F8CC11A78}"
EndProject
Project("{FAE04EC0-301F-11D3-BF4B-00C04F79EFBC}") = "KleurenKiezer", "KleurenKiezer\KleurenKiezer.csproj", "{39C5E134-6488-4453-8349-5BCD86B19640}"
EndProject
Project("{FAE04EC0-301F-11D3-BF4B-00C04F79EFBC}") = "DataBinding", "DataBinding\DataBinding.csproj", "{3D8B19BB-0254-4B27-8DE9-A6D752531955}"
EndProject
Project("{FAE04EC0-301F-11D3-BF4B-00C04F79EFBC}") = "BloemSamenstelling", "BloemSamenstelling\BloemSamenstelling.csproj", "{9749486C-EA8B-41E1-9C25-5B7EFE14770C}"
EndProject
Project("{FAE04EC0-301F-11D3-BF4B-00C04F79EFBC}") = "RegenboogDragDrop", "RegenboogDragDrop\RegenboogDragDrop.csproj", "{73BD6724-1DE8-4216-B280-CE1424A1ECC4}"
EndProject
Project("{FAE04EC0-301F-11D3-BF4B-00C04F79EFBC}") = "OpleidingenDragDrop", "OpleidingenDragDrop\OpleidingenDragDrop.csproj", "{2B1E49A0-CEAB-4C7F-B8B7-3CDDD40FDC1C}"
EndProject
Project("{FAE04EC0-301F-11D3-BF4B-00C04F79EFBC}") = "SchuifSpel", "SchuifSpel\SchuifSpel.csproj", "{CE4223B6-5FA8-4214-99C7-5B625D05DAA4}"
EndProject
Project("{FAE04EC0-301F-11D3-BF4B-00C04F79EFBC}") = "WindowMetRibbonControl", "WindowMetRibbonControl\WindowMetRibbonControl.csproj", "{7692C2E9-2A09-4FD1-A135-5DD26E2E59AB}"
EndProject
Global
	GlobalSection(SolutionConfigurationPlatforms) = preSolution
		Debug|Any CPU = Debug|Any CPU
		Release|Any CPU = Release|Any CPU
	EndGlobalSection
	GlobalSection(ProjectConfigurationPlatforms) = postSolution
		{C4F7FF4B-CBC4-420F-9A2D-2767935925A5}.Debug|Any CPU.ActiveCfg = Debug|Any CPU
		{C4F7FF4B-CBC4-420F-9A2D-2767935925A5}.Debug|Any CPU.Build.0 = Debug|Any CPU
		{C4F7FF4B-CBC4-420F-9A2D-2767935925A5}.Release|Any CPU.ActiveCfg = Release|Any CPU
		{C4F7FF4B-CBC4-420F-9A2D-2767935925A5}.Release|Any CPU.Build.0 = Release|Any CPU
		{E9939A01-8FB3-40BE-8D06-5C3B0493F039}.Debug|Any CPU.ActiveCfg = Debug|Any CPU
		{E9939A01-8FB3-40BE-8D06-5C3B0493F039}.Debug|Any CPU.Build.0 = Debug|Any CPU
		{E9939A01-8FB3-40BE-8D06-5C3B0493F039}.Release|Any CPU.ActiveCfg = Release|Any CPU
		{E9939A01-8FB3-40BE-8D06-5C3B0493F039}.Release|Any CPU.Build.0 = Release|Any CPU
		{71E86DE8-ACF5-4C3B-BD98-7E39B6D86BFC}.Debug|Any CPU.ActiveCfg = Debug|Any CPU
		{71E86DE8-ACF5-4C3B-BD98-7E39B6D86BFC}.Debug|Any CPU.Build.0 = Debug|Any CPU
		{71E86DE8-ACF5-4C3B-BD98-7E39B6D86BFC}.Release|Any CPU.ActiveCfg = Release|Any CPU
		{71E86DE8-ACF5-4C3B-BD98-7E39B6D86BFC}.Release|Any CPU.Build.0 = Release|Any CPU
		{3644C146-4F71-4949-9909-B870839B6FF9}.Debug|Any CPU.ActiveCfg = Debug|Any CPU
		{3644C146-4F71-4949-9909-B870839B6FF9}.Debug|Any CPU.Build.0 = Debug|Any CPU
		{3644C146-4F71-4949-9909-B870839B6FF9}.Release|Any CPU.ActiveCfg = Release|Any CPU
		{3644C146-4F71-4949-9909-B870839B6FF9}.Release|Any CPU.Build.0 = Release|Any CPU
		{6C327F1A-05DF-45EF-B9C1-20ECBD344688}.Debug|Any CPU.ActiveCfg = Debug|Any CPU
		{6C327F1A-05DF-45EF-B9C1-20ECBD344688}.Debug|Any CPU.Build.0 = Debug|Any CPU
		{6C327F1A-05DF-45EF-B9C1-20ECBD344688}.Release|Any CPU.ActiveCfg = Release|Any CPU
		{6C327F1A-05DF-45EF-B9C1-20ECBD344688}.Release|Any CPU.Build.0 = Release|Any CPU
		{AC687D81-C9CE-4BE4-AEA9-D100287B12F4}.Debug|Any CPU.ActiveCfg = Debug|Any CPU
		{AC687D81-C9CE-4BE4-AEA9-D100287B12F4}.Debug|Any CPU.Build.0 = Debug|Any CPU
		{AC687D81-C9CE-4BE4-AEA9-D100287B12F4}.Release|Any CPU.ActiveCfg = Release|Any CPU
		{AC687D81-C9CE-4BE4-AEA9-D100287B12F4}.Release|Any CPU.Build.0 = Release|Any CPU
		{BC70A3C4-6014-4F35-B3C8-EED7D4C486C1}.Debug|Any CPU.ActiveCfg = Debug|Any CPU
		{BC70A3C4-6014-4F35-B3C8-EED7D4C486C1}.Debug|Any CPU.Build.0 = Debug|Any CPU
		{BC70A3C4-6014-4F35-B3C8-EED7D4C486C1}.Release|Any CPU.ActiveCfg = Release|Any CPU
		{BC70A3C4-6014-4F35-B3C8-EED7D4C486C1}.Release|Any CPU.Build.0 = Release|Any CPU
		{BA7B7C67-CB57-4836-837C-BC17A5727E65}.Debug|Any CPU.ActiveCfg = Debug|Any CPU
		{BA7B7C67-CB57-4836-837C-BC17A5727E65}.Debug|Any CPU.Build.0 = Debug|Any CPU
		{BA7B7C67-CB57-4836-837C-BC17A5727E65}.Release|Any CPU.ActiveCfg = Release|Any CPU
		{BA7B7C67-CB57-4836-837C-BC17A5727E65}.Release|Any CPU.Build.0 = Release|Any CPU
		{F5483810-AC8B-43EE-BA1A-698F8CC11A78}.Debug|Any CPU.ActiveCfg = Debug|Any CPU
		{F5483810-AC8B-43EE-BA1A-698F8CC11A78}.Debug|Any CPU.Build.0 = Debug|Any CPU
		{F5483810-AC8B-43EE-BA1A-698F8CC11A78}.Release|Any CPU.ActiveCfg = Release|Any CPU
		{F5483810-AC8B-43EE-BA1A-698F8CC11A78}.Release|Any CPU.Build.0 = Release|Any CPU
		{39C5E134-6488-4453-8349-5BCD86B19640}.Debug|Any CPU.ActiveCfg = Debug|Any CPU
		{39C5E134-6488-4453-8349-5BCD86B19640}.Debug|Any CPU.Build.0 = Debug|Any CPU
		{39C5E134-6488-4453-8349-5BCD86B19640}.Release|Any CPU.ActiveCfg = Release|Any CPU
		{39C5E134-6488-4453-8349-5BCD86B19640}.Release|Any CPU.Build.0 = Release|Any CPU
		{3D8B19BB-0254-4B27-8DE9-A6D752531955}.Debug|Any CPU.ActiveCfg = Debug|Any CPU
		{3D8B19BB-0254-4B27-8DE9-A6D752531955}.Debug|Any CPU.Build.0 = Debug|Any CPU
		{3D8B19BB-0254-4B27-8DE9-A6D752531955}.Release|Any CPU.ActiveCfg = Release|Any CPU
		{3D8B19BB-0254-4B27-8DE9-A6D752531955}.Release|Any CPU.Build.0 = Release|Any CPU
		{9749486C-EA8B-41E1-9C25-5B7EFE14770C}.Debug|Any CPU.ActiveCfg = Debug|Any CPU
		{9749486C-EA8B-41E1-9C25-5B7EFE14770C}.Debug|Any CPU.Build.0 = Debug|Any CPU
		{9749486C-EA8B-41E1-9C25-5B7EFE14770C}.Release|Any CPU.ActiveCfg = Release|Any CPU
		{9749486C-EA8B-41E1-9C25-5B7EFE14770C}.Release|Any CPU.Build.0 = Release|Any CPU
		{73BD6724-1DE8-4216-B280-CE1424A1ECC4}.Debug|Any CPU.ActiveCfg = Debug|Any CPU
		{73BD6724-1DE8-4216-B280-CE1424A1ECC4}.Debug|Any CPU.Build.0 = Debug|Any CPU
		{73BD6724-1DE8-4216-B280-CE1424A1ECC4}.Release|Any CPU.ActiveCfg = Release|Any CPU
		{73BD6724-1DE8-4216-B280-CE1424A1ECC4}.Release|Any CPU.Build.0 = Release|Any CPU
		{2B1E49A0-CEAB-4C7F-B8B7-3CDDD40FDC1C}.Debug|Any CPU.ActiveCfg = Debug|Any CPU
		{2B1E49A0-CEAB-4C7F-B8B7-3CDDD40FDC1C}.Debug|Any CPU.Build.0 = Debug|Any CPU
		{2B1E49A0-CEAB-4C7F-B8B7-3CDDD40FDC1C}.Release|Any CPU.ActiveCfg = Release|Any CPU
		{2B1E49A0-CEAB-4C7F-B8B7-3CDDD40FDC1C}.Release|Any CPU.Build.0 = Release|Any CPU
		{CE4223B6-5FA8-4214-99C7-5B625D05DAA4}.Debug|Any CPU.ActiveCfg = Debug|Any CPU
		{CE4223B6-5FA8-4214-99C7-5B625D05DAA4}.Debug|Any CPU.Build.0 = Debug|Any CPU
		{CE4223B6-5FA8-4214-99C7-5B625D05DAA4}.Release|Any CPU.ActiveCfg = Release|Any CPU
		{CE4223B6-5FA8-4214-99C7-5B625D05DAA4}.Release|Any CPU.Build.0 = Release|Any CPU
		{7692C2E9-2A09-4FD1-A135-5DD26E2E59AB}.Debug|Any CPU.ActiveCfg = Debug|Any CPU
		{7692C2E9-2A09-4FD1-A135-5DD26E2E59AB}.Debug|Any CPU.Build.0 = Debug|Any CPU
		{7692C2E9-2A09-4FD1-A135-5DD26E2E59AB}.Release|Any CPU.ActiveCfg = Release|Any CPU
		{7692C2E9-2A09-4FD1-A135-5DD26E2E59AB}.Release|Any CPU.Build.0 = Release|Any CPU
	EndGlobalSection
	GlobalSection(SolutionProperties) = preSolution
		HideSolutionNode = FALSE
	EndGlobalSection
EndGlobal
